
Microsoft Visual Studio Solution File, Format Version 12.00
Project("{FAE04EC0-301F-11D3-BF4B-00C04F79EFBC}") = "Example03", "src\Example03\Example03.csproj", "{07328AA1-18B5-4901-8399-A4FFF5F1FBCA}"
EndProject
Project("{FAE04EC0-301F-11D3-BF4B-00C04F79EFBC}") = "Example04", "src\Example04\Example04.csproj", "{BE3476D6-B2CE-42EC-B50A-617A48B63DAA}"
EndProject
Project("{FAE04EC0-301F-11D3-BF4B-00C04F79EFBC}") = "Example05", "src\Example05\Example05.csproj", "{826A234E-1485-4382-ABA5-79F6CD9B7975}"
EndProject
Project("{FAE04EC0-301F-11D3-BF4B-00C04F79EFBC}") = "Example06", "Example06\Example06.csproj", "{5D3E0248-B7F2-43ED-A99B-D197B6598435}"
EndProject
Project("{FAE04EC0-301F-11D3-BF4B-00C04F79EFBC}") = "Example07", "Example07\Example07.csproj", "{64237D78-EDEF-49B5-BF5A-B4203089D52B}"
EndProject
Project("{FAE04EC0-301F-11D3-BF4B-00C04F79EFBC}") = "Example08", "Example08\Example08.csproj", "{54B82A1B-58BF-4ABB-A0C9-EA30A537491F}"
EndProject
Project("{FAE04EC0-301F-11D3-BF4B-00C04F79EFBC}") = "Example10", "Example10\Example10.csproj", "{4A4F436A-5754-47A8-AE6F-58D05B59D7CA}"
EndProject
Project("{FAE04EC0-301F-11D3-BF4B-00C04F79EFBC}") = "Example11", "Example11\Example11.csproj", "{922BE0DA-2031-4F55-B7C7-DEC8277A3896}"
EndProject
Project("{FAE04EC0-301F-11D3-BF4B-00C04F79EFBC}") = "Example12", "Example12\Example12.csproj", "{202EF70A-CAF1-43CB-9410-B369E31CE337}"
EndProject
Project("{FAE04EC0-301F-11D3-BF4B-00C04F79EFBC}") = "Example13", "Example13\Example13.csproj", "{C9C5CAC2-425F-4F74-88F8-162A8677274A}"
EndProject
Project("{FAE04EC0-301F-11D3-BF4B-00C04F79EFBC}") = "Example14", "Example14\Example14.csproj", "{167BCAA4-127A-4513-9870-B6407311833B}"
EndProject
Project("{FAE04EC0-301F-11D3-BF4B-00C04F79EFBC}") = "Example15", "Example15\Example15.csproj", "{37244706-BFE2-4F2F-BEB3-69DA317EC3D4}"
EndProject
Project("{FAE04EC0-301F-11D3-BF4B-00C04F79EFBC}") = "Example16", "Example16\Example16.csproj", "{DFBD528B-5237-43BD-8B8C-E6CA4CA7C60B}"
EndProject
EndProject
Global
	GlobalSection(SolutionConfigurationPlatforms) = preSolution
		Debug|Any CPU = Debug|Any CPU
		Release|Any CPU = Release|Any CPU
	EndGlobalSection
	GlobalSection(ProjectConfigurationPlatforms) = postSolution
		{07328AA1-18B5-4901-8399-A4FFF5F1FBCA}.Debug|Any CPU.ActiveCfg = Debug|Any CPU
		{07328AA1-18B5-4901-8399-A4FFF5F1FBCA}.Debug|Any CPU.Build.0 = Debug|Any CPU
		{07328AA1-18B5-4901-8399-A4FFF5F1FBCA}.Release|Any CPU.ActiveCfg = Release|Any CPU
		{07328AA1-18B5-4901-8399-A4FFF5F1FBCA}.Release|Any CPU.Build.0 = Release|Any CPU
		{BE3476D6-B2CE-42EC-B50A-617A48B63DAA}.Debug|Any CPU.ActiveCfg = Debug|Any CPU
		{BE3476D6-B2CE-42EC-B50A-617A48B63DAA}.Debug|Any CPU.Build.0 = Debug|Any CPU
		{BE3476D6-B2CE-42EC-B50A-617A48B63DAA}.Release|Any CPU.ActiveCfg = Release|Any CPU
		{BE3476D6-B2CE-42EC-B50A-617A48B63DAA}.Release|Any CPU.Build.0 = Release|Any CPU
		{826A234E-1485-4382-ABA5-79F6CD9B7975}.Debug|Any CPU.ActiveCfg = Debug|Any CPU
		{826A234E-1485-4382-ABA5-79F6CD9B7975}.Debug|Any CPU.Build.0 = Debug|Any CPU
		{826A234E-1485-4382-ABA5-79F6CD9B7975}.Release|Any CPU.ActiveCfg = Release|Any CPU
		{826A234E-1485-4382-ABA5-79F6CD9B7975}.Release|Any CPU.Build.0 = Release|Any CPU
		{5D3E0248-B7F2-43ED-A99B-D197B6598435}.Debug|Any CPU.ActiveCfg = Debug|Any CPU
		{5D3E0248-B7F2-43ED-A99B-D197B6598435}.Debug|Any CPU.Build.0 = Debug|Any CPU
		{5D3E0248-B7F2-43ED-A99B-D197B6598435}.Release|Any CPU.ActiveCfg = Release|Any CPU
		{5D3E0248-B7F2-43ED-A99B-D197B6598435}.Release|Any CPU.Build.0 = Release|Any CPU
		{64237D78-EDEF-49B5-BF5A-B4203089D52B}.Debug|Any CPU.ActiveCfg = Debug|Any CPU
		{64237D78-EDEF-49B5-BF5A-B4203089D52B}.Debug|Any CPU.Build.0 = Debug|Any CPU
		{64237D78-EDEF-49B5-BF5A-B4203089D52B}.Release|Any CPU.ActiveCfg = Release|Any CPU
		{64237D78-EDEF-49B5-BF5A-B4203089D52B}.Release|Any CPU.Build.0 = Release|Any CPU
		{54B82A1B-58BF-4ABB-A0C9-EA30A537491F}.Debug|Any CPU.ActiveCfg = Debug|Any CPU
		{54B82A1B-58BF-4ABB-A0C9-EA30A537491F}.Debug|Any CPU.Build.0 = Debug|Any CPU
		{54B82A1B-58BF-4ABB-A0C9-EA30A537491F}.Release|Any CPU.ActiveCfg = Release|Any CPU
		{54B82A1B-58BF-4ABB-A0C9-EA30A537491F}.Release|Any CPU.Build.0 = Release|Any CPU
		{4A4F436A-5754-47A8-AE6F-58D05B59D7CA}.Debug|Any CPU.ActiveCfg = Debug|Any CPU
		{4A4F436A-5754-47A8-AE6F-58D05B59D7CA}.Debug|Any CPU.Build.0 = Debug|Any CPU
		{4A4F436A-5754-47A8-AE6F-58D05B59D7CA}.Release|Any CPU.ActiveCfg = Release|Any CPU
		{4A4F436A-5754-47A8-AE6F-58D05B59D7CA}.Release|Any CPU.Build.0 = Release|Any CPU
		{922BE0DA-2031-4F55-B7C7-DEC8277A3896}.Debug|Any CPU.ActiveCfg = Debug|Any CPU
		{922BE0DA-2031-4F55-B7C7-DEC8277A3896}.Debug|Any CPU.Build.0 = Debug|Any CPU
		{922BE0DA-2031-4F55-B7C7-DEC8277A3896}.Release|Any CPU.ActiveCfg = Release|Any CPU
		{922BE0DA-2031-4F55-B7C7-DEC8277A3896}.Release|Any CPU.Build.0 = Release|Any CPU
		{202EF70A-CAF1-43CB-9410-B369E31CE337}.Debug|Any CPU.ActiveCfg = Debug|Any CPU
		{202EF70A-CAF1-43CB-9410-B369E31CE337}.Debug|Any CPU.Build.0 = Debug|Any CPU
		{202EF70A-CAF1-43CB-9410-B369E31CE337}.Release|Any CPU.ActiveCfg = Release|Any CPU
		{202EF70A-CAF1-43CB-9410-B369E31CE337}.Release|Any CPU.Build.0 = Release|Any CPU
		{C9C5CAC2-425F-4F74-88F8-162A8677274A}.Debug|Any CPU.ActiveCfg = Debug|Any CPU
		{C9C5CAC2-425F-4F74-88F8-162A8677274A}.Debug|Any CPU.Build.0 = Debug|Any CPU
		{C9C5CAC2-425F-4F74-88F8-162A8677274A}.Release|Any CPU.ActiveCfg = Release|Any CPU
		{C9C5CAC2-425F-4F74-88F8-162A8677274A}.Release|Any CPU.Build.0 = Release|Any CPU
		{167BCAA4-127A-4513-9870-B6407311833B}.Debug|Any CPU.ActiveCfg = Debug|Any CPU
		{167BCAA4-127A-4513-9870-B6407311833B}.Debug|Any CPU.Build.0 = Debug|Any CPU
		{167BCAA4-127A-4513-9870-B6407311833B}.Release|Any CPU.ActiveCfg = Release|Any CPU
		{167BCAA4-127A-4513-9870-B6407311833B}.Release|Any CPU.Build.0 = Release|Any CPU
		{37244706-BFE2-4F2F-BEB3-69DA317EC3D4}.Debug|Any CPU.ActiveCfg = Debug|Any CPU
		{37244706-BFE2-4F2F-BEB3-69DA317EC3D4}.Debug|Any CPU.Build.0 = Debug|Any CPU
		{37244706-BFE2-4F2F-BEB3-69DA317EC3D4}.Release|Any CPU.ActiveCfg = Release|Any CPU
		{37244706-BFE2-4F2F-BEB3-69DA317EC3D4}.Release|Any CPU.Build.0 = Release|Any CPU
		{DFBD528B-5237-43BD-8B8C-E6CA4CA7C60B}.Debug|Any CPU.ActiveCfg = Debug|Any CPU
		{DFBD528B-5237-43BD-8B8C-E6CA4CA7C60B}.Debug|Any CPU.Build.0 = Debug|Any CPU
		{DFBD528B-5237-43BD-8B8C-E6CA4CA7C60B}.Release|Any CPU.ActiveCfg = Release|Any CPU
		{DFBD528B-5237-43BD-8B8C-E6CA4CA7C60B}.Release|Any CPU.Build.0 = Release|Any CPU
	EndGlobalSection
EndGlobal
